// !$*UTF8*$!
{
	archiveVersion = 1;
	classes = {
	};
	objectVersion = 56;
	objects = {

/* Begin PBXBuildFile section */
		CE32790F293049D6007B2098 /* Trollface.png in Resources */ = {isa = PBXBuildFile; fileRef = CE32790A293049D6007B2098 /* Trollface.png */; };
		CE327920293049DE007B2098 /* ImagePickerView.swift in Sources */ = {isa = PBXBuildFile; fileRef = CE327914293049DE007B2098 /* ImagePickerView.swift */; };
		CE327921293049DE007B2098 /* AirTrollerApp.swift in Sources */ = {isa = PBXBuildFile; fileRef = CE327915293049DE007B2098 /* AirTrollerApp.swift */; };
		CE327922293049DE007B2098 /* Alert.swift in Sources */ = {isa = PBXBuildFile; fileRef = CE327916293049DE007B2098 /* Alert.swift */; };
		CE327923293049DE007B2098 /* Person.swift in Sources */ = {isa = PBXBuildFile; fileRef = CE327918293049DE007B2098 /* Person.swift */; };
		CE327924293049DE007B2098 /* Sharing.swift in Sources */ = {isa = PBXBuildFile; fileRef = CE327919293049DE007B2098 /* Sharing.swift */; };
		CE327925293049DE007B2098 /* TrollController.swift in Sources */ = {isa = PBXBuildFile; fileRef = CE32791A293049DE007B2098 /* TrollController.swift */; };
		CE327926293049DE007B2098 /* Preview Assets.xcassets in Resources */ = {isa = PBXBuildFile; fileRef = CE32791C293049DE007B2098 /* Preview Assets.xcassets */; };
		CE327927293049DE007B2098 /* ContentView.swift in Sources */ = {isa = PBXBuildFile; fileRef = CE32791D293049DE007B2098 /* ContentView.swift */; };
		CE327928293049DE007B2098 /* Assets.xcassets in Resources */ = {isa = PBXBuildFile; fileRef = CE32791E293049DE007B2098 /* Assets.xcassets */; };
		CE327929293049DE007B2098 /* Extensions.swift in Sources */ = {isa = PBXBuildFile; fileRef = CE32791F293049DE007B2098 /* Extensions.swift */; };
		CE9B7554293297AC00D7EC02 /* TSUtil.m in Sources */ = {isa = PBXBuildFile; fileRef = CE9B754D293297AC00D7EC02 /* TSUtil.m */; };
		CE9B755A2932987500D7EC02 /* CoreServices.framework in Frameworks */ = {isa = PBXBuildFile; fileRef = CE9B75592932987500D7EC02 /* CoreServices.framework */; };
/* End PBXBuildFile section */

/* Begin PBXFileReference section */
		CE3278F7293049BF007B2098 /* AirTroller.app */ = {isa = PBXFileReference; explicitFileType = wrapper.application; includeInIndex = 0; path = AirTroller.app; sourceTree = BUILT_PRODUCTS_DIR; };
		CE327908293049D6007B2098 /* LICENSE */ = {isa = PBXFileReference; fileEncoding = 4; lastKnownFileType = text; path = LICENSE; sourceTree = "<group>"; };
		CE327909293049D6007B2098 /* README.md */ = {isa = PBXFileReference; fileEncoding = 4; lastKnownFileType = net.daringfireball.markdown; path = README.md; sourceTree = "<group>"; };
		CE32790A293049D6007B2098 /* Trollface.png */ = {isa = PBXFileReference; lastKnownFileType = image.png; path = Trollface.png; sourceTree = "<group>"; };
		CE32790B293049D6007B2098 /* build.command */ = {isa = PBXFileReference; fileEncoding = 4; lastKnownFileType = text.script.sh; path = build.command; sourceTree = "<group>"; };
		CE32790C293049D6007B2098 /* entitlements.plist */ = {isa = PBXFileReference; fileEncoding = 4; lastKnownFileType = text.plist.xml; path = entitlements.plist; sourceTree = "<group>"; };
		CE327912293049DE007B2098 /* AirTroller-Bridging-Header.h */ = {isa = PBXFileReference; lastKnownFileType = sourcecode.c.h; path = "AirTroller-Bridging-Header.h"; sourceTree = "<group>"; };
		CE327913293049DE007B2098 /* RemoteLog.h */ = {isa = PBXFileReference; fileEncoding = 4; lastKnownFileType = sourcecode.c.h; path = RemoteLog.h; sourceTree = "<group>"; };
		CE327914293049DE007B2098 /* ImagePickerView.swift */ = {isa = PBXFileReference; fileEncoding = 4; lastKnownFileType = sourcecode.swift; path = ImagePickerView.swift; sourceTree = "<group>"; };
		CE327915293049DE007B2098 /* AirTrollerApp.swift */ = {isa = PBXFileReference; fileEncoding = 4; lastKnownFileType = sourcecode.swift; path = AirTrollerApp.swift; sourceTree = "<group>"; };
		CE327916293049DE007B2098 /* Alert.swift */ = {isa = PBXFileReference; fileEncoding = 4; lastKnownFileType = sourcecode.swift; path = Alert.swift; sourceTree = "<group>"; };
		CE327918293049DE007B2098 /* Person.swift */ = {isa = PBXFileReference; fileEncoding = 4; lastKnownFileType = sourcecode.swift; path = Person.swift; sourceTree = "<group>"; };
		CE327919293049DE007B2098 /* Sharing.swift */ = {isa = PBXFileReference; fileEncoding = 4; lastKnownFileType = sourcecode.swift; path = Sharing.swift; sourceTree = "<group>"; };
		CE32791A293049DE007B2098 /* TrollController.swift */ = {isa = PBXFileReference; fileEncoding = 4; lastKnownFileType = sourcecode.swift; path = TrollController.swift; sourceTree = "<group>"; };
		CE32791C293049DE007B2098 /* Preview Assets.xcassets */ = {isa = PBXFileReference; lastKnownFileType = folder.assetcatalog; path = "Preview Assets.xcassets"; sourceTree = "<group>"; };
		CE32791D293049DE007B2098 /* ContentView.swift */ = {isa = PBXFileReference; fileEncoding = 4; lastKnownFileType = sourcecode.swift; path = ContentView.swift; sourceTree = "<group>"; };
		CE32791E293049DE007B2098 /* Assets.xcassets */ = {isa = PBXFileReference; lastKnownFileType = folder.assetcatalog; path = Assets.xcassets; sourceTree = "<group>"; };
		CE32791F293049DE007B2098 /* Extensions.swift */ = {isa = PBXFileReference; fileEncoding = 4; lastKnownFileType = sourcecode.swift; path = Extensions.swift; sourceTree = "<group>"; };
		CE32792A29304A0C007B2098 /* .gitignore */ = {isa = PBXFileReference; fileEncoding = 4; lastKnownFileType = text; path = .gitignore; sourceTree = "<group>"; };
		CE9B754D293297AC00D7EC02 /* TSUtil.m */ = {isa = PBXFileReference; fileEncoding = 4; lastKnownFileType = sourcecode.c.objc; path = TSUtil.m; sourceTree = "<group>"; };
		CE9B7551293297AC00D7EC02 /* TSUtil.h */ = {isa = PBXFileReference; fileEncoding = 4; lastKnownFileType = sourcecode.c.h; path = TSUtil.h; sourceTree = "<group>"; };
		CE9B7552293297AC00D7EC02 /* CoreServices.h */ = {isa = PBXFileReference; fileEncoding = 4; lastKnownFileType = sourcecode.c.h; path = CoreServices.h; sourceTree = "<group>"; };
		CE9B75572932986D00D7EC02 /* MobileCoreServices.framework */ = {isa = PBXFileReference; lastKnownFileType = wrapper.framework; name = MobileCoreServices.framework; path = System/Library/Frameworks/MobileCoreServices.framework; sourceTree = SDKROOT; };
		CE9B75592932987500D7EC02 /* CoreServices.framework */ = {isa = PBXFileReference; lastKnownFileType = wrapper.framework; name = CoreServices.framework; path = System/Library/Frameworks/CoreServices.framework; sourceTree = SDKROOT; };
/* End PBXFileReference section */

/* Begin PBXFrameworksBuildPhase section */
		CE3278F4293049BF007B2098 /* Frameworks */ = {
			isa = PBXFrameworksBuildPhase;
			buildActionMask = 2147483647;
			files = (
				CE9B755A2932987500D7EC02 /* CoreServices.framework in Frameworks */,
			);
			runOnlyForDeploymentPostprocessing = 0;
		};
/* End PBXFrameworksBuildPhase section */

/* Begin PBXGroup section */
		CE3278EE293049BF007B2098 = {
			isa = PBXGroup;
			children = (
				CE32792A29304A0C007B2098 /* .gitignore */,
				CE32790B293049D6007B2098 /* build.command */,
				CE32790C293049D6007B2098 /* entitlements.plist */,
				CE327908293049D6007B2098 /* LICENSE */,
				CE327909293049D6007B2098 /* README.md */,
				CE32790A293049D6007B2098 /* Trollface.png */,
				CE3278F9293049BF007B2098 /* AirTroller */,
				CE3278F8293049BF007B2098 /* Products */,
				CE9B75562932986D00D7EC02 /* Frameworks */,
			);
			sourceTree = "<group>";
		};
		CE3278F8293049BF007B2098 /* Products */ = {
			isa = PBXGroup;
			children = (
				CE3278F7293049BF007B2098 /* AirTroller.app */,
			);
			name = Products;
			sourceTree = "<group>";
		};
		CE3278F9293049BF007B2098 /* AirTroller */ = {
			isa = PBXGroup;
			children = (
				CE327915293049DE007B2098 /* AirTrollerApp.swift */,
				CE32792C293155F0007B2098 /* Misc */,
				CE32791E293049DE007B2098 /* Assets.xcassets */,
				CE32791D293049DE007B2098 /* ContentView.swift */,
				CE32791B293049DE007B2098 /* Preview Content */,
				CE327917293049DE007B2098 /* trolldrop */,
				CE327912293049DE007B2098 /* AirTroller-Bridging-Header.h */,
			);
			path = AirTroller;
			sourceTree = "<group>";
		};
		CE327917293049DE007B2098 /* trolldrop */ = {
			isa = PBXGroup;
			children = (
				CE327918293049DE007B2098 /* Person.swift */,
				CE327919293049DE007B2098 /* Sharing.swift */,
				CE32791A293049DE007B2098 /* TrollController.swift */,
			);
			path = trolldrop;
			sourceTree = "<group>";
		};
		CE32791B293049DE007B2098 /* Preview Content */ = {
			isa = PBXGroup;
			children = (
				CE32791C293049DE007B2098 /* Preview Assets.xcassets */,
			);
			path = "Preview Content";
			sourceTree = "<group>";
		};
		CE32792C293155F0007B2098 /* Misc */ = {
			isa = PBXGroup;
			children = (
				CE9B754B293297AC00D7EC02 /* TS */,
				CE327914293049DE007B2098 /* ImagePickerView.swift */,
				CE327916293049DE007B2098 /* Alert.swift */,
				CE32791F293049DE007B2098 /* Extensions.swift */,
				CE327913293049DE007B2098 /* RemoteLog.h */,
			);
			path = Misc;
			sourceTree = "<group>";
		};
		CE9B754B293297AC00D7EC02 /* TS */ = {
			isa = PBXGroup;
			children = (
				CE9B754D293297AC00D7EC02 /* TSUtil.m */,
				CE9B7551293297AC00D7EC02 /* TSUtil.h */,
				CE9B7552293297AC00D7EC02 /* CoreServices.h */,
			);
			path = TS;
			sourceTree = "<group>";
		};
		CE9B75562932986D00D7EC02 /* Frameworks */ = {
			isa = PBXGroup;
			children = (
				CE9B75592932987500D7EC02 /* CoreServices.framework */,
				CE9B75572932986D00D7EC02 /* MobileCoreServices.framework */,
			);
			name = Frameworks;
			sourceTree = "<group>";
		};
/* End PBXGroup section */

/* Begin PBXNativeTarget section */
		CE3278F6293049BF007B2098 /* AirTroller */ = {
			isa = PBXNativeTarget;
			buildConfigurationList = CE327905293049BF007B2098 /* Build configuration list for PBXNativeTarget "AirTroller" */;
			buildPhases = (
				CE3278F3293049BF007B2098 /* Sources */,
				CE3278F4293049BF007B2098 /* Frameworks */,
				CE3278F5293049BF007B2098 /* Resources */,
			);
			buildRules = (
			);
			dependencies = (
			);
			name = AirTroller;
			productName = AirTroller;
			productReference = CE3278F7293049BF007B2098 /* AirTroller.app */;
			productType = "com.apple.product-type.application";
		};
/* End PBXNativeTarget section */

/* Begin PBXProject section */
		CE3278EF293049BF007B2098 /* Project object */ = {
			isa = PBXProject;
			attributes = {
				BuildIndependentTargetsInParallel = 1;
				LastSwiftUpdateCheck = 1410;
				LastUpgradeCheck = 1410;
				TargetAttributes = {
					CE3278F6293049BF007B2098 = {
						CreatedOnToolsVersion = 14.1;
						LastSwiftMigration = 1410;
					};
				};
			};
			buildConfigurationList = CE3278F2293049BF007B2098 /* Build configuration list for PBXProject "AirTroller" */;
			compatibilityVersion = "Xcode 14.0";
			developmentRegion = en;
			hasScannedForEncodings = 0;
			knownRegions = (
				en,
				Base,
			);
			mainGroup = CE3278EE293049BF007B2098;
			productRefGroup = CE3278F8293049BF007B2098 /* Products */;
			projectDirPath = "";
			projectRoot = "";
			targets = (
				CE3278F6293049BF007B2098 /* AirTroller */,
			);
		};
/* End PBXProject section */

/* Begin PBXResourcesBuildPhase section */
		CE3278F5293049BF007B2098 /* Resources */ = {
			isa = PBXResourcesBuildPhase;
			buildActionMask = 2147483647;
			files = (
				CE32790F293049D6007B2098 /* Trollface.png in Resources */,
				CE327928293049DE007B2098 /* Assets.xcassets in Resources */,
				CE327926293049DE007B2098 /* Preview Assets.xcassets in Resources */,
			);
			runOnlyForDeploymentPostprocessing = 0;
		};
/* End PBXResourcesBuildPhase section */

/* Begin PBXSourcesBuildPhase section */
		CE3278F3293049BF007B2098 /* Sources */ = {
			isa = PBXSourcesBuildPhase;
			buildActionMask = 2147483647;
			files = (
				CE9B7554293297AC00D7EC02 /* TSUtil.m in Sources */,
				CE327922293049DE007B2098 /* Alert.swift in Sources */,
				CE327920293049DE007B2098 /* ImagePickerView.swift in Sources */,
				CE327927293049DE007B2098 /* ContentView.swift in Sources */,
				CE327929293049DE007B2098 /* Extensions.swift in Sources */,
				CE327923293049DE007B2098 /* Person.swift in Sources */,
				CE327925293049DE007B2098 /* TrollController.swift in Sources */,
				CE327921293049DE007B2098 /* AirTrollerApp.swift in Sources */,
				CE327924293049DE007B2098 /* Sharing.swift in Sources */,
			);
			runOnlyForDeploymentPostprocessing = 0;
		};
/* End PBXSourcesBuildPhase section */

/* Begin XCBuildConfiguration section */
		CE327903293049BF007B2098 /* Debug */ = {
			isa = XCBuildConfiguration;
			buildSettings = {
				ALWAYS_SEARCH_USER_PATHS = NO;
				CLANG_ANALYZER_NONNULL = YES;
				CLANG_ANALYZER_NUMBER_OBJECT_CONVERSION = YES_AGGRESSIVE;
				CLANG_CXX_LANGUAGE_STANDARD = "gnu++20";
				CLANG_ENABLE_MODULES = YES;
				CLANG_ENABLE_OBJC_ARC = YES;
				CLANG_ENABLE_OBJC_WEAK = YES;
				CLANG_WARN_BLOCK_CAPTURE_AUTORELEASING = YES;
				CLANG_WARN_BOOL_CONVERSION = YES;
				CLANG_WARN_COMMA = YES;
				CLANG_WARN_CONSTANT_CONVERSION = YES;
				CLANG_WARN_DEPRECATED_OBJC_IMPLEMENTATIONS = YES;
				CLANG_WARN_DIRECT_OBJC_ISA_USAGE = YES_ERROR;
				CLANG_WARN_DOCUMENTATION_COMMENTS = YES;
				CLANG_WARN_EMPTY_BODY = YES;
				CLANG_WARN_ENUM_CONVERSION = YES;
				CLANG_WARN_INFINITE_RECURSION = YES;
				CLANG_WARN_INT_CONVERSION = YES;
				CLANG_WARN_NON_LITERAL_NULL_CONVERSION = YES;
				CLANG_WARN_OBJC_IMPLICIT_RETAIN_SELF = YES;
				CLANG_WARN_OBJC_LITERAL_CONVERSION = YES;
				CLANG_WARN_OBJC_ROOT_CLASS = YES_ERROR;
				CLANG_WARN_QUOTED_INCLUDE_IN_FRAMEWORK_HEADER = YES;
				CLANG_WARN_RANGE_LOOP_ANALYSIS = YES;
				CLANG_WARN_STRICT_PROTOTYPES = YES;
				CLANG_WARN_SUSPICIOUS_MOVE = YES;
				CLANG_WARN_UNGUARDED_AVAILABILITY = YES_AGGRESSIVE;
				CLANG_WARN_UNREACHABLE_CODE = YES;
				CLANG_WARN__DUPLICATE_METHOD_MATCH = YES;
				COPY_PHASE_STRIP = NO;
				DEBUG_INFORMATION_FORMAT = dwarf;
				ENABLE_STRICT_OBJC_MSGSEND = YES;
				ENABLE_TESTABILITY = YES;
				GCC_C_LANGUAGE_STANDARD = gnu11;
				GCC_DYNAMIC_NO_PIC = NO;
				GCC_NO_COMMON_BLOCKS = YES;
				GCC_OPTIMIZATION_LEVEL = 0;
				GCC_PREPROCESSOR_DEFINITIONS = (
					"DEBUG=1",
					"$(inherited)",
				);
				GCC_WARN_64_TO_32_BIT_CONVERSION = YES;
				GCC_WARN_ABOUT_RETURN_TYPE = YES_ERROR;
				GCC_WARN_UNDECLARED_SELECTOR = YES;
				GCC_WARN_UNINITIALIZED_AUTOS = YES_AGGRESSIVE;
				GCC_WARN_UNUSED_FUNCTION = YES;
				GCC_WARN_UNUSED_VARIABLE = YES;
				IPHONEOS_DEPLOYMENT_TARGET = 16.1;
				MTL_ENABLE_DEBUG_INFO = INCLUDE_SOURCE;
				MTL_FAST_MATH = YES;
				ONLY_ACTIVE_ARCH = YES;
				SDKROOT = iphoneos;
				SWIFT_ACTIVE_COMPILATION_CONDITIONS = DEBUG;
				SWIFT_OPTIMIZATION_LEVEL = "-Onone";
			};
			name = Debug;
		};
		CE327904293049BF007B2098 /* Release */ = {
			isa = XCBuildConfiguration;
			buildSettings = {
				ALWAYS_SEARCH_USER_PATHS = NO;
				CLANG_ANALYZER_NONNULL = YES;
				CLANG_ANALYZER_NUMBER_OBJECT_CONVERSION = YES_AGGRESSIVE;
				CLANG_CXX_LANGUAGE_STANDARD = "gnu++20";
				CLANG_ENABLE_MODULES = YES;
				CLANG_ENABLE_OBJC_ARC = YES;
				CLANG_ENABLE_OBJC_WEAK = YES;
				CLANG_WARN_BLOCK_CAPTURE_AUTORELEASING = YES;
				CLANG_WARN_BOOL_CONVERSION = YES;
				CLANG_WARN_COMMA = YES;
				CLANG_WARN_CONSTANT_CONVERSION = YES;
				CLANG_WARN_DEPRECATED_OBJC_IMPLEMENTATIONS = YES;
				CLANG_WARN_DIRECT_OBJC_ISA_USAGE = YES_ERROR;
				CLANG_WARN_DOCUMENTATION_COMMENTS = YES;
				CLANG_WARN_EMPTY_BODY = YES;
				CLANG_WARN_ENUM_CONVERSION = YES;
				CLANG_WARN_INFINITE_RECURSION = YES;
				CLANG_WARN_INT_CONVERSION = YES;
				CLANG_WARN_NON_LITERAL_NULL_CONVERSION = YES;
				CLANG_WARN_OBJC_IMPLICIT_RETAIN_SELF = YES;
				CLANG_WARN_OBJC_LITERAL_CONVERSION = YES;
				CLANG_WARN_OBJC_ROOT_CLASS = YES_ERROR;
				CLANG_WARN_QUOTED_INCLUDE_IN_FRAMEWORK_HEADER = YES;
				CLANG_WARN_RANGE_LOOP_ANALYSIS = YES;
				CLANG_WARN_STRICT_PROTOTYPES = YES;
				CLANG_WARN_SUSPICIOUS_MOVE = YES;
				CLANG_WARN_UNGUARDED_AVAILABILITY = YES_AGGRESSIVE;
				CLANG_WARN_UNREACHABLE_CODE = YES;
				CLANG_WARN__DUPLICATE_METHOD_MATCH = YES;
				COPY_PHASE_STRIP = NO;
				DEBUG_INFORMATION_FORMAT = "dwarf-with-dsym";
				ENABLE_NS_ASSERTIONS = NO;
				ENABLE_STRICT_OBJC_MSGSEND = YES;
				GCC_C_LANGUAGE_STANDARD = gnu11;
				GCC_NO_COMMON_BLOCKS = YES;
				GCC_WARN_64_TO_32_BIT_CONVERSION = YES;
				GCC_WARN_ABOUT_RETURN_TYPE = YES_ERROR;
				GCC_WARN_UNDECLARED_SELECTOR = YES;
				GCC_WARN_UNINITIALIZED_AUTOS = YES_AGGRESSIVE;
				GCC_WARN_UNUSED_FUNCTION = YES;
				GCC_WARN_UNUSED_VARIABLE = YES;
				IPHONEOS_DEPLOYMENT_TARGET = 16.1;
				MTL_ENABLE_DEBUG_INFO = NO;
				MTL_FAST_MATH = YES;
				SDKROOT = iphoneos;
				SWIFT_COMPILATION_MODE = wholemodule;
				SWIFT_OPTIMIZATION_LEVEL = "-O";
				VALIDATE_PRODUCT = YES;
			};
			name = Release;
		};
		CE327906293049BF007B2098 /* Debug */ = {
			isa = XCBuildConfiguration;
			buildSettings = {
				ASSETCATALOG_COMPILER_APPICON_NAME = AppIcon;
				ASSETCATALOG_COMPILER_GLOBAL_ACCENT_COLOR_NAME = AccentColor;
				CLANG_ENABLE_MODULES = YES;
				CODE_SIGN_STYLE = Automatic;
				CURRENT_PROJECT_VERSION = 1;
				DEVELOPMENT_ASSET_PATHS = "\"AirTroller/Preview Content\"";
				DEVELOPMENT_TEAM = 92S6JX27W2;
				ENABLE_PREVIEWS = YES;
				GENERATE_INFOPLIST_FILE = YES;
				INFOPLIST_KEY_LSApplicationCategoryType = "public.app-category.education";
				INFOPLIST_KEY_NSPhotoLibraryUsageDescription = "Well, you've clicked this button to select photos, what did you exoect?";
				INFOPLIST_KEY_UIApplicationSceneManifest_Generation = YES;
				INFOPLIST_KEY_UIApplicationSupportsIndirectInputEvents = YES;
				INFOPLIST_KEY_UILaunchScreen_Generation = YES;
				INFOPLIST_KEY_UISupportedInterfaceOrientations_iPad = "UIInterfaceOrientationPortrait UIInterfaceOrientationPortraitUpsideDown UIInterfaceOrientationLandscapeLeft UIInterfaceOrientationLandscapeRight";
				INFOPLIST_KEY_UISupportedInterfaceOrientations_iPhone = "UIInterfaceOrientationPortrait UIInterfaceOrientationLandscapeLeft UIInterfaceOrientationLandscapeRight";
				IPHONEOS_DEPLOYMENT_TARGET = 14.0;
				LD_RUNPATH_SEARCH_PATHS = (
					"$(inherited)",
					"@executable_path/Frameworks",
				);
				MARKETING_VERSION = 1.1.1;
				PRODUCT_BUNDLE_IDENTIFIER = net.sourceloc.AirTroller;
				PRODUCT_NAME = "$(TARGET_NAME)";
				SWIFT_EMIT_LOC_STRINGS = YES;
				SWIFT_OBJC_BRIDGING_HEADER = "AirTroller/AirTroller-Bridging-Header.h";
				SWIFT_OPTIMIZATION_LEVEL = "-Onone";
				SWIFT_VERSION = 5.0;
				TARGETED_DEVICE_FAMILY = "1,2";
			};
			name = Debug;
		};
		CE327907293049BF007B2098 /* Release */ = {
			isa = XCBuildConfiguration;
			buildSettings = {
				ASSETCATALOG_COMPILER_APPICON_NAME = AppIcon;
				ASSETCATALOG_COMPILER_GLOBAL_ACCENT_COLOR_NAME = AccentColor;
				CLANG_ENABLE_MODULES = YES;
				CODE_SIGN_STYLE = Automatic;
				CURRENT_PROJECT_VERSION = 1;
				DEVELOPMENT_ASSET_PATHS = "\"AirTroller/Preview Content\"";
				DEVELOPMENT_TEAM = 92S6JX27W2;
				ENABLE_PREVIEWS = YES;
				GENERATE_INFOPLIST_FILE = YES;
				INFOPLIST_KEY_LSApplicationCategoryType = "public.app-category.education";
				INFOPLIST_KEY_NSPhotoLibraryUsageDescription = "Well, you've clicked this button to select photos, what did you exoect?";
				INFOPLIST_KEY_UIApplicationSceneManifest_Generation = YES;
				INFOPLIST_KEY_UIApplicationSupportsIndirectInputEvents = YES;
				INFOPLIST_KEY_UILaunchScreen_Generation = YES;
				INFOPLIST_KEY_UISupportedInterfaceOrientations_iPad = "UIInterfaceOrientationPortrait UIInterfaceOrientationPortraitUpsideDown UIInterfaceOrientationLandscapeLeft UIInterfaceOrientationLandscapeRight";
				INFOPLIST_KEY_UISupportedInterfaceOrientations_iPhone = "UIInterfaceOrientationPortrait UIInterfaceOrientationLandscapeLeft UIInterfaceOrientationLandscapeRight";
				IPHONEOS_DEPLOYMENT_TARGET = 14.0;
				LD_RUNPATH_SEARCH_PATHS = (
					"$(inherited)",
					"@executable_path/Frameworks",
				);
				MARKETING_VERSION = 1.1.1;
				PRODUCT_BUNDLE_IDENTIFIER = net.sourceloc.AirTroller;
				PRODUCT_NAME = "$(TARGET_NAME)";
				SWIFT_EMIT_LOC_STRINGS = YES;
				SWIFT_OBJC_BRIDGING_HEADER = "AirTroller/AirTroller-Bridging-Header.h";
				SWIFT_VERSION = 5.0;
				TARGETED_DEVICE_FAMILY = "1,2";
			};
			name = Release;
		};
/* End XCBuildConfiguration section */

/* Begin XCConfigurationList section */
		CE3278F2293049BF007B2098 /* Build configuration list for PBXProject "AirTroller" */ = {
			isa = XCConfigurationList;
			buildConfigurations = (
				CE327903293049BF007B2098 /* Debug */,
				CE327904293049BF007B2098 /* Release */,
			);
			defaultConfigurationIsVisible = 0;
			defaultConfigurationName = Release;
		};
		CE327905293049BF007B2098 /* Build configuration list for PBXNativeTarget "AirTroller" */ = {
			isa = XCConfigurationList;
			buildConfigurations = (
				CE327906293049BF007B2098 /* Debug */,
				CE327907293049BF007B2098 /* Release */,
			);
			defaultConfigurationIsVisible = 0;
			defaultConfigurationName = Release;
		};
/* End XCConfigurationList section */
	};
	rootObject = CE3278EF293049BF007B2098 /* Project object */;
}
